
Microsoft Visual Studio Solution File, Format Version 12.00
# Visual Studio 15
VisualStudioVersion = 15.0.28307.705
MinimumVisualStudioVersion = 10.0.40219.1
Project("{2150E333-8FDC-42A3-9474-1A3956D46DE8}") = "Microservices", "Microservices", "{2F70C3D5-CAA5-401A-8C88-542A10677E69}"
EndProject
Project("{2150E333-8FDC-42A3-9474-1A3956D46DE8}") = "Domain", "Domain", "{E238E8AA-C86E-4186-B9C5-98742226333D}"
EndProject
Project("{2150E333-8FDC-42A3-9474-1A3956D46DE8}") = "Infrastructure.Bus", "Infrastructure.Bus", "{E68DD1CC-A434-4BC8-8998-E5BAA5D28C5F}"
EndProject
Project("{2150E333-8FDC-42A3-9474-1A3956D46DE8}") = "Infrastructure.IoC", "Infrastructure.IoC", "{BA65E932-3973-42CD-B6E8-08E5931087B3}"
EndProject
Project("{2150E333-8FDC-42A3-9474-1A3956D46DE8}") = "Presentation", "Presentation", "{B9DA3F85-CADC-4CF7-B836-F74C6323AAC2}"
EndProject
Project("{9A19103F-16F7-4668-BE54-9A1E7A4F7556}") = "MicroRabbit.Infrastructure.Bus", "MicroRabbit.Infrastructure.Bus\MicroRabbit.Infrastructure.Bus.csproj", "{AA62161E-0182-4DFE-87C7-9332ABD1E207}"
EndProject
Project("{9A19103F-16F7-4668-BE54-9A1E7A4F7556}") = "MicroRabbit.Infrastructure.IoC", "MicroRabbit.Infrastructure.IoC\MicroRabbit.Infrastructure.IoC.csproj", "{9C04B79F-8DFF-4D9D-A804-A9FD3D580227}"
EndProject
Project("{2150E333-8FDC-42A3-9474-1A3956D46DE8}") = "Banking", "Banking", "{C2FDF200-DD32-401A-9A06-69FE3E9819AE}"
EndProject
Project("{2150E333-8FDC-42A3-9474-1A3956D46DE8}") = "Api", "Api", "{BE80622C-E571-4D7B-806A-D9D6C5C337A0}"
EndProject
Project("{2150E333-8FDC-42A3-9474-1A3956D46DE8}") = "Domain", "Domain", "{2BAEAE7C-83A5-4DBB-8B99-78A044676762}"
EndProject
Project("{2150E333-8FDC-42A3-9474-1A3956D46DE8}") = "Application", "Application", "{885D5FB1-86BE-43EC-A1F9-FEF9792B3DD0}"
EndProject
Project("{2150E333-8FDC-42A3-9474-1A3956D46DE8}") = "Data", "Data", "{74E98BA8-72B3-424A-8D34-796293306325}"
EndProject
Project("{9A19103F-16F7-4668-BE54-9A1E7A4F7556}") = "MicroRabbit.Banking.Application", "MicroRabbit.Banking.Application\MicroRabbit.Banking.Application.csproj", "{DB3C4920-7AB0-4715-9AD8-630DD0C3E264}"
EndProject
Project("{9A19103F-16F7-4668-BE54-9A1E7A4F7556}") = "MicroRabbit.Banking.Data", "MicroRabbit.Banking.Data\MicroRabbit.Banking.Data.csproj", "{F2C86204-C31B-4C41-B416-65F28026AF0E}"
EndProject
Project("{9A19103F-16F7-4668-BE54-9A1E7A4F7556}") = "MicroRabbit.Banking.Domain", "MicroRabbit.Banking.Domain\MicroRabbit.Banking.Domain.csproj", "{09434DE8-D35B-4EB0-88D9-27707B0FCA0C}"
EndProject
Project("{9A19103F-16F7-4668-BE54-9A1E7A4F7556}") = "MicroRabbit.Domain.Core", "MicroRabbit.Domain.Core\MicroRabbit.Domain.Core.csproj", "{D9BA644E-BB0D-49D0-86F7-70D66A5B5D08}"
EndProject
Project("{FAE04EC0-301F-11D3-BF4B-00C04F79EFBC}") = "MicroRabbit.Banking.Api", "MicroRabbit.Banking.Api\MicroRabbit.Banking.Api.csproj", "{61A8E7CA-1323-4795-8569-61C7A27A39E3}"
EndProject
Global
	GlobalSection(SolutionConfigurationPlatforms) = preSolution
		Debug|Any CPU = Debug|Any CPU
		Release|Any CPU = Release|Any CPU
	EndGlobalSection
	GlobalSection(ProjectConfigurationPlatforms) = postSolution
		{AA62161E-0182-4DFE-87C7-9332ABD1E207}.Debug|Any CPU.ActiveCfg = Debug|Any CPU
		{AA62161E-0182-4DFE-87C7-9332ABD1E207}.Debug|Any CPU.Build.0 = Debug|Any CPU
		{AA62161E-0182-4DFE-87C7-9332ABD1E207}.Release|Any CPU.ActiveCfg = Release|Any CPU
		{AA62161E-0182-4DFE-87C7-9332ABD1E207}.Release|Any CPU.Build.0 = Release|Any CPU
		{9C04B79F-8DFF-4D9D-A804-A9FD3D580227}.Debug|Any CPU.ActiveCfg = Debug|Any CPU
		{9C04B79F-8DFF-4D9D-A804-A9FD3D580227}.Debug|Any CPU.Build.0 = Debug|Any CPU
		{9C04B79F-8DFF-4D9D-A804-A9FD3D580227}.Release|Any CPU.ActiveCfg = Release|Any CPU
		{9C04B79F-8DFF-4D9D-A804-A9FD3D580227}.Release|Any CPU.Build.0 = Release|Any CPU
		{DB3C4920-7AB0-4715-9AD8-630DD0C3E264}.Debug|Any CPU.ActiveCfg = Debug|Any CPU
		{DB3C4920-7AB0-4715-9AD8-630DD0C3E264}.Debug|Any CPU.Build.0 = Debug|Any CPU
		{DB3C4920-7AB0-4715-9AD8-630DD0C3E264}.Release|Any CPU.ActiveCfg = Release|Any CPU
		{DB3C4920-7AB0-4715-9AD8-630DD0C3E264}.Release|Any CPU.Build.0 = Release|Any CPU
		{F2C86204-C31B-4C41-B416-65F28026AF0E}.Debug|Any CPU.ActiveCfg = Debug|Any CPU
		{F2C86204-C31B-4C41-B416-65F28026AF0E}.Debug|Any CPU.Build.0 = Debug|Any CPU
		{F2C86204-C31B-4C41-B416-65F28026AF0E}.Release|Any CPU.ActiveCfg = Release|Any CPU
		{F2C86204-C31B-4C41-B416-65F28026AF0E}.Release|Any CPU.Build.0 = Release|Any CPU
		{09434DE8-D35B-4EB0-88D9-27707B0FCA0C}.Debug|Any CPU.ActiveCfg = Debug|Any CPU
		{09434DE8-D35B-4EB0-88D9-27707B0FCA0C}.Debug|Any CPU.Build.0 = Debug|Any CPU
		{09434DE8-D35B-4EB0-88D9-27707B0FCA0C}.Release|Any CPU.ActiveCfg = Release|Any CPU
		{09434DE8-D35B-4EB0-88D9-27707B0FCA0C}.Release|Any CPU.Build.0 = Release|Any CPU
		{D9BA644E-BB0D-49D0-86F7-70D66A5B5D08}.Debug|Any CPU.ActiveCfg = Debug|Any CPU
		{D9BA644E-BB0D-49D0-86F7-70D66A5B5D08}.Debug|Any CPU.Build.0 = Debug|Any CPU
		{D9BA644E-BB0D-49D0-86F7-70D66A5B5D08}.Release|Any CPU.ActiveCfg = Release|Any CPU
		{D9BA644E-BB0D-49D0-86F7-70D66A5B5D08}.Release|Any CPU.Build.0 = Release|Any CPU
		{61A8E7CA-1323-4795-8569-61C7A27A39E3}.Debug|Any CPU.ActiveCfg = Debug|Any CPU
		{61A8E7CA-1323-4795-8569-61C7A27A39E3}.Debug|Any CPU.Build.0 = Debug|Any CPU
		{61A8E7CA-1323-4795-8569-61C7A27A39E3}.Release|Any CPU.ActiveCfg = Release|Any CPU
		{61A8E7CA-1323-4795-8569-61C7A27A39E3}.Release|Any CPU.Build.0 = Release|Any CPU
	EndGlobalSection
	GlobalSection(SolutionProperties) = preSolution
		HideSolutionNode = FALSE
	EndGlobalSection
	GlobalSection(NestedProjects) = preSolution
		{AA62161E-0182-4DFE-87C7-9332ABD1E207} = {E68DD1CC-A434-4BC8-8998-E5BAA5D28C5F}
		{9C04B79F-8DFF-4D9D-A804-A9FD3D580227} = {BA65E932-3973-42CD-B6E8-08E5931087B3}
		{C2FDF200-DD32-401A-9A06-69FE3E9819AE} = {2F70C3D5-CAA5-401A-8C88-542A10677E69}
		{BE80622C-E571-4D7B-806A-D9D6C5C337A0} = {C2FDF200-DD32-401A-9A06-69FE3E9819AE}
		{2BAEAE7C-83A5-4DBB-8B99-78A044676762} = {C2FDF200-DD32-401A-9A06-69FE3E9819AE}
		{885D5FB1-86BE-43EC-A1F9-FEF9792B3DD0} = {C2FDF200-DD32-401A-9A06-69FE3E9819AE}
		{74E98BA8-72B3-424A-8D34-796293306325} = {C2FDF200-DD32-401A-9A06-69FE3E9819AE}
		{DB3C4920-7AB0-4715-9AD8-630DD0C3E264} = {885D5FB1-86BE-43EC-A1F9-FEF9792B3DD0}
		{F2C86204-C31B-4C41-B416-65F28026AF0E} = {74E98BA8-72B3-424A-8D34-796293306325}
		{09434DE8-D35B-4EB0-88D9-27707B0FCA0C} = {2BAEAE7C-83A5-4DBB-8B99-78A044676762}
		{D9BA644E-BB0D-49D0-86F7-70D66A5B5D08} = {E238E8AA-C86E-4186-B9C5-98742226333D}
		{61A8E7CA-1323-4795-8569-61C7A27A39E3} = {BE80622C-E571-4D7B-806A-D9D6C5C337A0}
	EndGlobalSection
	GlobalSection(ExtensibilityGlobals) = postSolution
		SolutionGuid = {6FE1567A-4D0C-4730-8BB3-02B3FC3AD153}
	EndGlobalSection
EndGlobal
