
Microsoft Visual Studio Solution File, Format Version 12.00
# Visual Studio 15
VisualStudioVersion = 15.0.28307.705
MinimumVisualStudioVersion = 10.0.40219.1
Project("{2150E333-8FDC-42A3-9474-1A3956D46DE8}") = "Microservices", "Microservices", "{2F70C3D5-CAA5-401A-8C88-542A10677E69}"
EndProject
Project("{2150E333-8FDC-42A3-9474-1A3956D46DE8}") = "Domain", "Domain", "{E238E8AA-C86E-4186-B9C5-98742226333D}"
EndProject
Project("{2150E333-8FDC-42A3-9474-1A3956D46DE8}") = "Infrastructure.Bus", "Infrastructure.Bus", "{E68DD1CC-A434-4BC8-8998-E5BAA5D28C5F}"
EndProject
Project("{2150E333-8FDC-42A3-9474-1A3956D46DE8}") = "Infrastructure.IoC", "Infrastructure.IoC", "{BA65E932-3973-42CD-B6E8-08E5931087B3}"
EndProject
Project("{2150E333-8FDC-42A3-9474-1A3956D46DE8}") = "Presentation", "Presentation", "{B9DA3F85-CADC-4CF7-B836-F74C6323AAC2}"
EndProject
Project("{FAE04EC0-301F-11D3-BF4B-00C04F79EFBC}") = "MicroRabbit.Domain.Core", "..\MicroRabbit.Domain.Core\MicroRabbit.Domain.Core.csproj", "{C52725F1-34B7-4E74-8ECB-EA304146DD83}"
EndProject
Global
	GlobalSection(SolutionConfigurationPlatforms) = preSolution
		Debug|Any CPU = Debug|Any CPU
		Release|Any CPU = Release|Any CPU
	EndGlobalSection
	GlobalSection(ProjectConfigurationPlatforms) = postSolution
		{C52725F1-34B7-4E74-8ECB-EA304146DD83}.Debug|Any CPU.ActiveCfg = Debug|Any CPU
		{C52725F1-34B7-4E74-8ECB-EA304146DD83}.Debug|Any CPU.Build.0 = Debug|Any CPU
		{C52725F1-34B7-4E74-8ECB-EA304146DD83}.Release|Any CPU.ActiveCfg = Release|Any CPU
		{C52725F1-34B7-4E74-8ECB-EA304146DD83}.Release|Any CPU.Build.0 = Release|Any CPU
	EndGlobalSection
	GlobalSection(SolutionProperties) = preSolution
		HideSolutionNode = FALSE
	EndGlobalSection
	GlobalSection(NestedProjects) = preSolution
		{C52725F1-34B7-4E74-8ECB-EA304146DD83} = {E238E8AA-C86E-4186-B9C5-98742226333D}
	EndGlobalSection
	GlobalSection(ExtensibilityGlobals) = postSolution
		SolutionGuid = {6FE1567A-4D0C-4730-8BB3-02B3FC3AD153}
	EndGlobalSection
EndGlobal
